
Microsoft Visual Studio Solution File, Format Version 11.00
# Visual Studio 2010
Project("{8BC9CEB8-8B4A-11D0-8D11-00A0C91BC942}") = "GUICPP", "GUICPP\GUICPP.vcxproj", "{A28C2D0A-D7BF-4290-BC9C-6E9568D5C208}"
EndProject
Global
	GlobalSection(SolutionConfigurationPlatforms) = preSolution
		Debug|Win32 = Debug|Win32
		Release|Win32 = Release|Win32
	EndGlobalSection
	GlobalSection(ProjectConfigurationPlatforms) = postSolution
		{A28C2D0A-D7BF-4290-BC9C-6E9568D5C208}.Debug|Win32.ActiveCfg = Debug|Win32
		{A28C2D0A-D7BF-4290-BC9C-6E9568D5C208}.Debug|Win32.Build.0 = Debug|Win32
		{A28C2D0A-D7BF-4290-BC9C-6E9568D5C208}.Release|Win32.ActiveCfg = Release|Win32
		{A28C2D0A-D7BF-4290-BC9C-6E9568D5C208}.Release|Win32.Build.0 = Release|Win32
	EndGlobalSection
	GlobalSection(SolutionProperties) = preSolution
		HideSolutionNode = FALSE
	EndGlobalSection
EndGlobal
